
Microsoft Visual Studio Solution File, Format Version 12.00
# Visual Studio Version 16
VisualStudioVersion = 25.0.1700.7
MinimumVisualStudioVersion = 10.0.40219.1
Project("{FAE04EC0-301F-11D3-BF4B-00C04F79EFBC}") = "Technology", "Technology\Technology.csproj", "{B732B31C-9C02-480C-834D-C5EF92AACE3D}"
EndProject
Global
	GlobalSection(SolutionConfigurationPlatforms) = preSolution
		Debug|Any CPU = Debug|Any CPU
		Release|Any CPU = Release|Any CPU
	EndGlobalSection
	GlobalSection(ProjectConfigurationPlatforms) = postSolution
		{B732B31C-9C02-480C-834D-C5EF92AACE3D}.Debug|Any CPU.ActiveCfg = Debug|Any CPU
		{B732B31C-9C02-480C-834D-C5EF92AACE3D}.Debug|Any CPU.Build.0 = Debug|Any CPU
		{B732B31C-9C02-480C-834D-C5EF92AACE3D}.Release|Any CPU.ActiveCfg = Release|Any CPU
		{B732B31C-9C02-480C-834D-C5EF92AACE3D}.Release|Any CPU.Build.0 = Release|Any CPU
	EndGlobalSection
	GlobalSection(SolutionProperties) = preSolution
		HideSolutionNode = FALSE
	EndGlobalSection
	GlobalSection(ExtensibilityGlobals) = postSolution
		SolutionGuid = {214D6357-3116-43CD-B277-8654E785D9D2}
	EndGlobalSection
EndGlobal
